# Generated by buf. DO NOT EDIT.
deps:
  - remote: buf.build
    owner: beta
    repository: googleapis
    branch: main
    commit: aced890b7e944f9ca174481ad810ca5f
    digest: b1-guLHfQhGOhlEA-QaPyQLoT-ZVFGJkRkluWgkzPT0ma0=
    create_time: 2021-03-04T14:52:47.094456Z
  - remote: buf.build
    owner: grpc-ecosystem
    repository: grpc-gateway
    branch: main
    commit: 7a6d2403c65b43c4baedfe310a990511
    digest: b1-WUC_a7n_HiH1rMdtYq5ee2znRn4OuSxJoaNw4mwoHHk=
    create_time: 2021-03-04T01:13:54.83101Z
